// !$*UTF8*$!
{
	archiveVersion = 1;
	classes = {
	};
	objectVersion = 50;
	objects = {

/* Begin PBXBuildFile section */
		7C3C4CD922787EC000C24BC8 /* LinphoneManager.swift in Sources */ = {isa = PBXBuildFile; fileRef = 7C3C4CD822787EC000C24BC8 /* LinphoneManager.swift */; };
		7CE46C222278781E00775174 /* AppDelegate.swift in Sources */ = {isa = PBXBuildFile; fileRef = 7CE46C212278781E00775174 /* AppDelegate.swift */; };
		7CE46C242278781E00775174 /* ViewController.swift in Sources */ = {isa = PBXBuildFile; fileRef = 7CE46C232278781E00775174 /* ViewController.swift */; };
		7CE46C272278781E00775174 /* Main.storyboard in Resources */ = {isa = PBXBuildFile; fileRef = 7CE46C252278781E00775174 /* Main.storyboard */; };
		7CE46C292278782200775174 /* Assets.xcassets in Resources */ = {isa = PBXBuildFile; fileRef = 7CE46C282278782200775174 /* Assets.xcassets */; };
		7CE46C2C2278782200775174 /* LaunchScreen.storyboard in Resources */ = {isa = PBXBuildFile; fileRef = 7CE46C2A2278782200775174 /* LaunchScreen.storyboard */; };
		9F23CB87921271738B23469D /* Pods_linphoneSwiftIntegrate.framework in Frameworks */ = {isa = PBXBuildFile; fileRef = 676DAE90BDDB02410207749C /* Pods_linphoneSwiftIntegrate.framework */; };
/* End PBXBuildFile section */

/* Begin PBXFileReference section */
		0A8B44AB6B4D9899291462E3 /* Pods-linphoneSwiftIntegrate.debug.xcconfig */ = {isa = PBXFileReference; includeInIndex = 1; lastKnownFileType = text.xcconfig; name = "Pods-linphoneSwiftIntegrate.debug.xcconfig"; path = "Target Support Files/Pods-linphoneSwiftIntegrate/Pods-linphoneSwiftIntegrate.debug.xcconfig"; sourceTree = "<group>"; };
		676DAE90BDDB02410207749C /* Pods_linphoneSwiftIntegrate.framework */ = {isa = PBXFileReference; explicitFileType = wrapper.framework; includeInIndex = 0; path = Pods_linphoneSwiftIntegrate.framework; sourceTree = BUILT_PRODUCTS_DIR; };
		7C3C4CD722787E2700C24BC8 /* linphone-Bridging-Header.h */ = {isa = PBXFileReference; lastKnownFileType = sourcecode.c.h; path = "linphone-Bridging-Header.h"; sourceTree = "<group>"; };
		7C3C4CD822787EC000C24BC8 /* LinphoneManager.swift */ = {isa = PBXFileReference; lastKnownFileType = sourcecode.swift; path = LinphoneManager.swift; sourceTree = "<group>"; };
		7CE46C1E2278781E00775174 /* linphoneSwiftIntegrate.app */ = {isa = PBXFileReference; explicitFileType = wrapper.application; includeInIndex = 0; path = linphoneSwiftIntegrate.app; sourceTree = BUILT_PRODUCTS_DIR; };
		7CE46C212278781E00775174 /* AppDelegate.swift */ = {isa = PBXFileReference; lastKnownFileType = sourcecode.swift; path = AppDelegate.swift; sourceTree = "<group>"; };
		7CE46C232278781E00775174 /* ViewController.swift */ = {isa = PBXFileReference; lastKnownFileType = sourcecode.swift; path = ViewController.swift; sourceTree = "<group>"; };
		7CE46C262278781E00775174 /* Base */ = {isa = PBXFileReference; lastKnownFileType = file.storyboard; name = Base; path = Base.lproj/Main.storyboard; sourceTree = "<group>"; };
		7CE46C282278782200775174 /* Assets.xcassets */ = {isa = PBXFileReference; lastKnownFileType = folder.assetcatalog; path = Assets.xcassets; sourceTree = "<group>"; };
		7CE46C2B2278782200775174 /* Base */ = {isa = PBXFileReference; lastKnownFileType = file.storyboard; name = Base; path = Base.lproj/LaunchScreen.storyboard; sourceTree = "<group>"; };
		7CE46C2D2278782200775174 /* Info.plist */ = {isa = PBXFileReference; lastKnownFileType = text.plist.xml; path = Info.plist; sourceTree = "<group>"; };
		F22401D4A1804448CA28108F /* Pods-linphoneSwiftIntegrate.release.xcconfig */ = {isa = PBXFileReference; includeInIndex = 1; lastKnownFileType = text.xcconfig; name = "Pods-linphoneSwiftIntegrate.release.xcconfig"; path = "Target Support Files/Pods-linphoneSwiftIntegrate/Pods-linphoneSwiftIntegrate.release.xcconfig"; sourceTree = "<group>"; };
/* End PBXFileReference section */

/* Begin PBXFrameworksBuildPhase section */
		7CE46C1B2278781E00775174 /* Frameworks */ = {
			isa = PBXFrameworksBuildPhase;
			buildActionMask = 2147483647;
			files = (
				9F23CB87921271738B23469D /* Pods_linphoneSwiftIntegrate.framework in Frameworks */,
			);
			runOnlyForDeploymentPostprocessing = 0;
		};
/* End PBXFrameworksBuildPhase section */

/* Begin PBXGroup section */
		7CE46C152278781E00775174 = {
			isa = PBXGroup;
			children = (
				7CE46C202278781E00775174 /* linphoneSwiftIntegrate */,
				7CE46C1F2278781E00775174 /* Products */,
				867E03D51E064A805A734800 /* Pods */,
				AAB50A97477804E780605E9D /* Frameworks */,
			);
			sourceTree = "<group>";
		};
		7CE46C1F2278781E00775174 /* Products */ = {
			isa = PBXGroup;
			children = (
				7CE46C1E2278781E00775174 /* linphoneSwiftIntegrate.app */,
			);
			name = Products;
			sourceTree = "<group>";
		};
		7CE46C202278781E00775174 /* linphoneSwiftIntegrate */ = {
			isa = PBXGroup;
			children = (
				7CE46C212278781E00775174 /* AppDelegate.swift */,
				7CE46C232278781E00775174 /* ViewController.swift */,
				7CE46C252278781E00775174 /* Main.storyboard */,
				7CE46C282278782200775174 /* Assets.xcassets */,
				7CE46C2A2278782200775174 /* LaunchScreen.storyboard */,
				7CE46C2D2278782200775174 /* Info.plist */,
				7C3C4CD722787E2700C24BC8 /* linphone-Bridging-Header.h */,
				7C3C4CD822787EC000C24BC8 /* LinphoneManager.swift */,
			);
			path = linphoneSwiftIntegrate;
			sourceTree = "<group>";
		};
		867E03D51E064A805A734800 /* Pods */ = {
			isa = PBXGroup;
			children = (
				0A8B44AB6B4D9899291462E3 /* Pods-linphoneSwiftIntegrate.debug.xcconfig */,
				F22401D4A1804448CA28108F /* Pods-linphoneSwiftIntegrate.release.xcconfig */,
			);
			path = Pods;
			sourceTree = "<group>";
		};
		AAB50A97477804E780605E9D /* Frameworks */ = {
			isa = PBXGroup;
			children = (
				676DAE90BDDB02410207749C /* Pods_linphoneSwiftIntegrate.framework */,
			);
			name = Frameworks;
			sourceTree = "<group>";
		};
/* End PBXGroup section */

/* Begin PBXNativeTarget section */
		7CE46C1D2278781E00775174 /* linphoneSwiftIntegrate */ = {
			isa = PBXNativeTarget;
			buildConfigurationList = 7CE46C302278782200775174 /* Build configuration list for PBXNativeTarget "linphoneSwiftIntegrate" */;
			buildPhases = (
				435934DD67A063AA7F072BEF /* [CP] Check Pods Manifest.lock */,
				7CE46C1A2278781E00775174 /* Sources */,
				7CE46C1B2278781E00775174 /* Frameworks */,
				7CE46C1C2278781E00775174 /* Resources */,
				49107E5BF619857E8308842E /* [CP] Embed Pods Frameworks */,
				573DAFC55F4B2CCEA012D2C7 /* [CP] Copy Pods Resources */,
			);
			buildRules = (
			);
			dependencies = (
			);
			name = linphoneSwiftIntegrate;
			productName = linphoneSwiftIntegrate;
			productReference = 7CE46C1E2278781E00775174 /* linphoneSwiftIntegrate.app */;
			productType = "com.apple.product-type.application";
		};
/* End PBXNativeTarget section */

/* Begin PBXProject section */
		7CE46C162278781E00775174 /* Project object */ = {
			isa = PBXProject;
			attributes = {
				LastSwiftUpdateCheck = 1020;
				LastUpgradeCheck = 1020;
				ORGANIZATIONNAME = "Jenny Huang";
				TargetAttributes = {
					7CE46C1D2278781E00775174 = {
						CreatedOnToolsVersion = 10.2.1;
					};
				};
			};
			buildConfigurationList = 7CE46C192278781E00775174 /* Build configuration list for PBXProject "linphoneSwiftIntegrate" */;
			compatibilityVersion = "Xcode 9.3";
			developmentRegion = en;
			hasScannedForEncodings = 0;
			knownRegions = (
				en,
				Base,
			);
			mainGroup = 7CE46C152278781E00775174;
			productRefGroup = 7CE46C1F2278781E00775174 /* Products */;
			projectDirPath = "";
			projectRoot = "";
			targets = (
				7CE46C1D2278781E00775174 /* linphoneSwiftIntegrate */,
			);
		};
/* End PBXProject section */

/* Begin PBXResourcesBuildPhase section */
		7CE46C1C2278781E00775174 /* Resources */ = {
			isa = PBXResourcesBuildPhase;
			buildActionMask = 2147483647;
			files = (
				7CE46C2C2278782200775174 /* LaunchScreen.storyboard in Resources */,
				7CE46C292278782200775174 /* Assets.xcassets in Resources */,
				7CE46C272278781E00775174 /* Main.storyboard in Resources */,
			);
			runOnlyForDeploymentPostprocessing = 0;
		};
/* End PBXResourcesBuildPhase section */

/* Begin PBXShellScriptBuildPhase section */
		435934DD67A063AA7F072BEF /* [CP] Check Pods Manifest.lock */ = {
			isa = PBXShellScriptBuildPhase;
			buildActionMask = 2147483647;
			files = (
			);
			inputFileListPaths = (
			);
			inputPaths = (
				"${PODS_PODFILE_DIR_PATH}/Podfile.lock",
				"${PODS_ROOT}/Manifest.lock",
			);
			name = "[CP] Check Pods Manifest.lock";
			outputFileListPaths = (
			);
			outputPaths = (
				"$(DERIVED_FILE_DIR)/Pods-linphoneSwiftIntegrate-checkManifestLockResult.txt",
			);
			runOnlyForDeploymentPostprocessing = 0;
			shellPath = /bin/sh;
			shellScript = "diff \"${PODS_PODFILE_DIR_PATH}/Podfile.lock\" \"${PODS_ROOT}/Manifest.lock\" > /dev/null\nif [ $? != 0 ] ; then\n    # print error to STDERR\n    echo \"error: The sandbox is not in sync with the Podfile.lock. Run 'pod install' or update your CocoaPods installation.\" >&2\n    exit 1\nfi\n# This output is used by Xcode 'outputs' to avoid re-running this script phase.\necho \"SUCCESS\" > \"${SCRIPT_OUTPUT_FILE_0}\"\n";
			showEnvVarsInLog = 0;
		};
		49107E5BF619857E8308842E /* [CP] Embed Pods Frameworks */ = {
			isa = PBXShellScriptBuildPhase;
			buildActionMask = 2147483647;
			files = (
			);
			inputFileListPaths = (
			);
			inputPaths = (
				"${PODS_ROOT}/Target Support Files/Pods-linphoneSwiftIntegrate/Pods-linphoneSwiftIntegrate-frameworks.sh",
				"${PODS_ROOT}/linphone-sdk/linphone-sdk/apple-darwin/Frameworks/bctoolbox.framework",
				"${PODS_ROOT}/linphone-sdk/linphone-sdk/apple-darwin/Frameworks/belcard.framework",
				"${PODS_ROOT}/linphone-sdk/linphone-sdk/apple-darwin/Frameworks/belr.framework",
				"${PODS_ROOT}/linphone-sdk/linphone-sdk/apple-darwin/Frameworks/lime.framework",
				"${PODS_ROOT}/linphone-sdk/linphone-sdk/apple-darwin/Frameworks/linphone.framework",
				"${PODS_ROOT}/linphone-sdk/linphone-sdk/apple-darwin/Frameworks/linphonetester.framework",
				"${PODS_ROOT}/linphone-sdk/linphone-sdk/apple-darwin/Frameworks/mediastreamer2.framework",
				"${PODS_ROOT}/linphone-sdk/linphone-sdk/apple-darwin/Frameworks/msamr.framework",
				"${PODS_ROOT}/linphone-sdk/linphone-sdk/apple-darwin/Frameworks/mscodec2.framework",
				"${PODS_ROOT}/linphone-sdk/linphone-sdk/apple-darwin/Frameworks/msopenh264.framework",
				"${PODS_ROOT}/linphone-sdk/linphone-sdk/apple-darwin/Frameworks/mssilk.framework",
				"${PODS_ROOT}/linphone-sdk/linphone-sdk/apple-darwin/Frameworks/mswebrtc.framework",
				"${PODS_ROOT}/linphone-sdk/linphone-sdk/apple-darwin/Frameworks/msx264.framework",
				"${PODS_ROOT}/linphone-sdk/linphone-sdk/apple-darwin/Frameworks/ortp.framework",
			);
			name = "[CP] Embed Pods Frameworks";
			outputFileListPaths = (
			);
			outputPaths = (
				"${TARGET_BUILD_DIR}/${FRAMEWORKS_FOLDER_PATH}/bctoolbox.framework",
				"${TARGET_BUILD_DIR}/${FRAMEWORKS_FOLDER_PATH}/belcard.framework",
				"${TARGET_BUILD_DIR}/${FRAMEWORKS_FOLDER_PATH}/belr.framework",
				"${TARGET_BUILD_DIR}/${FRAMEWORKS_FOLDER_PATH}/lime.framework",
				"${TARGET_BUILD_DIR}/${FRAMEWORKS_FOLDER_PATH}/linphone.framework",
				"${TARGET_BUILD_DIR}/${FRAMEWORKS_FOLDER_PATH}/linphonetester.framework",
				"${TARGET_BUILD_DIR}/${FRAMEWORKS_FOLDER_PATH}/mediastreamer2.framework",
				"${TARGET_BUILD_DIR}/${FRAMEWORKS_FOLDER_PATH}/msamr.framework",
				"${TARGET_BUILD_DIR}/${FRAMEWORKS_FOLDER_PATH}/mscodec2.framework",
				"${TARGET_BUILD_DIR}/${FRAMEWORKS_FOLDER_PATH}/msopenh264.framework",
				"${TARGET_BUILD_DIR}/${FRAMEWORKS_FOLDER_PATH}/mssilk.framework",
				"${TARGET_BUILD_DIR}/${FRAMEWORKS_FOLDER_PATH}/mswebrtc.framework",
				"${TARGET_BUILD_DIR}/${FRAMEWORKS_FOLDER_PATH}/msx264.framework",
				"${TARGET_BUILD_DIR}/${FRAMEWORKS_FOLDER_PATH}/ortp.framework",
			);
			runOnlyForDeploymentPostprocessing = 0;
			shellPath = /bin/sh;
			shellScript = "\"${PODS_ROOT}/Target Support Files/Pods-linphoneSwiftIntegrate/Pods-linphoneSwiftIntegrate-frameworks.sh\"\n";
			showEnvVarsInLog = 0;
		};
		573DAFC55F4B2CCEA012D2C7 /* [CP] Copy Pods Resources */ = {
			isa = PBXShellScriptBuildPhase;
			buildActionMask = 2147483647;
			files = (
			);
			inputFileListPaths = (
			);
			inputPaths = (
				"${PODS_ROOT}/Target Support Files/Pods-linphoneSwiftIntegrate/Pods-linphoneSwiftIntegrate-resources.sh",
				"${PODS_ROOT}/linphone-sdk/linphone-sdk/apple-darwin/Resources/liblinphone_tester",
			);
			name = "[CP] Copy Pods Resources";
			outputFileListPaths = (
			);
			outputPaths = (
				"${TARGET_BUILD_DIR}/${UNLOCALIZED_RESOURCES_FOLDER_PATH}/liblinphone_tester",
			);
			runOnlyForDeploymentPostprocessing = 0;
			shellPath = /bin/sh;
			shellScript = "\"${PODS_ROOT}/Target Support Files/Pods-linphoneSwiftIntegrate/Pods-linphoneSwiftIntegrate-resources.sh\"\n";
			showEnvVarsInLog = 0;
		};
/* End PBXShellScriptBuildPhase section */

/* Begin PBXSourcesBuildPhase section */
		7CE46C1A2278781E00775174 /* Sources */ = {
			isa = PBXSourcesBuildPhase;
			buildActionMask = 2147483647;
			files = (
				7CE46C242278781E00775174 /* ViewController.swift in Sources */,
				7CE46C222278781E00775174 /* AppDelegate.swift in Sources */,
				7C3C4CD922787EC000C24BC8 /* LinphoneManager.swift in Sources */,
			);
			runOnlyForDeploymentPostprocessing = 0;
		};
/* End PBXSourcesBuildPhase section */

/* Begin PBXVariantGroup section */
		7CE46C252278781E00775174 /* Main.storyboard */ = {
			isa = PBXVariantGroup;
			children = (
				7CE46C262278781E00775174 /* Base */,
			);
			name = Main.storyboard;
			sourceTree = "<group>";
		};
		7CE46C2A2278782200775174 /* LaunchScreen.storyboard */ = {
			isa = PBXVariantGroup;
			children = (
				7CE46C2B2278782200775174 /* Base */,
			);
			name = LaunchScreen.storyboard;
			sourceTree = "<group>";
		};
/* End PBXVariantGroup section */

/* Begin XCBuildConfiguration section */
		7CE46C2E2278782200775174 /* Debug */ = {
			isa = XCBuildConfiguration;
			buildSettings = {
				ALWAYS_SEARCH_USER_PATHS = NO;
				CLANG_ANALYZER_NONNULL = YES;
				CLANG_ANALYZER_NUMBER_OBJECT_CONVERSION = YES_AGGRESSIVE;
				CLANG_CXX_LANGUAGE_STANDARD = "gnu++14";
				CLANG_CXX_LIBRARY = "libc++";
				CLANG_ENABLE_MODULES = YES;
				CLANG_ENABLE_OBJC_ARC = YES;
				CLANG_ENABLE_OBJC_WEAK = YES;
				CLANG_WARN_BLOCK_CAPTURE_AUTORELEASING = YES;
				CLANG_WARN_BOOL_CONVERSION = YES;
				CLANG_WARN_COMMA = YES;
				CLANG_WARN_CONSTANT_CONVERSION = YES;
				CLANG_WARN_DEPRECATED_OBJC_IMPLEMENTATIONS = YES;
				CLANG_WARN_DIRECT_OBJC_ISA_USAGE = YES_ERROR;
				CLANG_WARN_DOCUMENTATION_COMMENTS = YES;
				CLANG_WARN_EMPTY_BODY = YES;
				CLANG_WARN_ENUM_CONVERSION = YES;
				CLANG_WARN_INFINITE_RECURSION = YES;
				CLANG_WARN_INT_CONVERSION = YES;
				CLANG_WARN_NON_LITERAL_NULL_CONVERSION = YES;
				CLANG_WARN_OBJC_IMPLICIT_RETAIN_SELF = YES;
				CLANG_WARN_OBJC_LITERAL_CONVERSION = YES;
				CLANG_WARN_OBJC_ROOT_CLASS = YES_ERROR;
				CLANG_WARN_RANGE_LOOP_ANALYSIS = YES;
				CLANG_WARN_STRICT_PROTOTYPES = YES;
				CLANG_WARN_SUSPICIOUS_MOVE = YES;
				CLANG_WARN_UNGUARDED_AVAILABILITY = YES_AGGRESSIVE;
				CLANG_WARN_UNREACHABLE_CODE = YES;
				CLANG_WARN__DUPLICATE_METHOD_MATCH = YES;
				CODE_SIGN_IDENTITY = "iPhone Developer";
				COPY_PHASE_STRIP = NO;
				DEBUG_INFORMATION_FORMAT = dwarf;
				ENABLE_STRICT_OBJC_MSGSEND = YES;
				ENABLE_TESTABILITY = YES;
				GCC_C_LANGUAGE_STANDARD = gnu11;
				GCC_DYNAMIC_NO_PIC = NO;
				GCC_NO_COMMON_BLOCKS = YES;
				GCC_OPTIMIZATION_LEVEL = 0;
				GCC_PREPROCESSOR_DEFINITIONS = (
					"DEBUG=1",
					"$(inherited)",
				);
				GCC_WARN_64_TO_32_BIT_CONVERSION = YES;
				GCC_WARN_ABOUT_RETURN_TYPE = YES_ERROR;
				GCC_WARN_UNDECLARED_SELECTOR = YES;
				GCC_WARN_UNINITIALIZED_AUTOS = YES_AGGRESSIVE;
				GCC_WARN_UNUSED_FUNCTION = YES;
				GCC_WARN_UNUSED_VARIABLE = YES;
				IPHONEOS_DEPLOYMENT_TARGET = 12.2;
				MTL_ENABLE_DEBUG_INFO = INCLUDE_SOURCE;
				MTL_FAST_MATH = YES;
				ONLY_ACTIVE_ARCH = YES;
				SDKROOT = iphoneos;
				SWIFT_ACTIVE_COMPILATION_CONDITIONS = DEBUG;
				SWIFT_OPTIMIZATION_LEVEL = "-Onone";
			};
			name = Debug;
		};
		7CE46C2F2278782200775174 /* Release */ = {
			isa = XCBuildConfiguration;
			buildSettings = {
				ALWAYS_SEARCH_USER_PATHS = NO;
				CLANG_ANALYZER_NONNULL = YES;
				CLANG_ANALYZER_NUMBER_OBJECT_CONVERSION = YES_AGGRESSIVE;
				CLANG_CXX_LANGUAGE_STANDARD = "gnu++14";
				CLANG_CXX_LIBRARY = "libc++";
				CLANG_ENABLE_MODULES = YES;
				CLANG_ENABLE_OBJC_ARC = YES;
				CLANG_ENABLE_OBJC_WEAK = YES;
				CLANG_WARN_BLOCK_CAPTURE_AUTORELEASING = YES;
				CLANG_WARN_BOOL_CONVERSION = YES;
				CLANG_WARN_COMMA = YES;
				CLANG_WARN_CONSTANT_CONVERSION = YES;
				CLANG_WARN_DEPRECATED_OBJC_IMPLEMENTATIONS = YES;
				CLANG_WARN_DIRECT_OBJC_ISA_USAGE = YES_ERROR;
				CLANG_WARN_DOCUMENTATION_COMMENTS = YES;
				CLANG_WARN_EMPTY_BODY = YES;
				CLANG_WARN_ENUM_CONVERSION = YES;
				CLANG_WARN_INFINITE_RECURSION = YES;
				CLANG_WARN_INT_CONVERSION = YES;
				CLANG_WARN_NON_LITERAL_NULL_CONVERSION = YES;
				CLANG_WARN_OBJC_IMPLICIT_RETAIN_SELF = YES;
				CLANG_WARN_OBJC_LITERAL_CONVERSION = YES;
				CLANG_WARN_OBJC_ROOT_CLASS = YES_ERROR;
				CLANG_WARN_RANGE_LOOP_ANALYSIS = YES;
				CLANG_WARN_STRICT_PROTOTYPES = YES;
				CLANG_WARN_SUSPICIOUS_MOVE = YES;
				CLANG_WARN_UNGUARDED_AVAILABILITY = YES_AGGRESSIVE;
				CLANG_WARN_UNREACHABLE_CODE = YES;
				CLANG_WARN__DUPLICATE_METHOD_MATCH = YES;
				CODE_SIGN_IDENTITY = "iPhone Developer";
				COPY_PHASE_STRIP = NO;
				DEBUG_INFORMATION_FORMAT = "dwarf-with-dsym";
				ENABLE_NS_ASSERTIONS = NO;
				ENABLE_STRICT_OBJC_MSGSEND = YES;
				GCC_C_LANGUAGE_STANDARD = gnu11;
				GCC_NO_COMMON_BLOCKS = YES;
				GCC_WARN_64_TO_32_BIT_CONVERSION = YES;
				GCC_WARN_ABOUT_RETURN_TYPE = YES_ERROR;
				GCC_WARN_UNDECLARED_SELECTOR = YES;
				GCC_WARN_UNINITIALIZED_AUTOS = YES_AGGRESSIVE;
				GCC_WARN_UNUSED_FUNCTION = YES;
				GCC_WARN_UNUSED_VARIABLE = YES;
				IPHONEOS_DEPLOYMENT_TARGET = 12.2;
				MTL_ENABLE_DEBUG_INFO = NO;
				MTL_FAST_MATH = YES;
				SDKROOT = iphoneos;
				SWIFT_COMPILATION_MODE = wholemodule;
				SWIFT_OPTIMIZATION_LEVEL = "-O";
				VALIDATE_PRODUCT = YES;
			};
			name = Release;
		};
		7CE46C312278782200775174 /* Debug */ = {
			isa = XCBuildConfiguration;
			baseConfigurationReference = 0A8B44AB6B4D9899291462E3 /* Pods-linphoneSwiftIntegrate.debug.xcconfig */;
			buildSettings = {
				ASSETCATALOG_COMPILER_APPICON_NAME = AppIcon;
				CODE_SIGN_STYLE = Automatic;
				DEVELOPMENT_TEAM = 6849CH276M;
				INFOPLIST_FILE = linphoneSwiftIntegrate/Info.plist;
				LD_RUNPATH_SEARCH_PATHS = (
					"$(inherited)",
					"@executable_path/Frameworks",
				);
				PRODUCT_BUNDLE_IDENTIFIER = JPower.linphoneSwiftIntegrate;
				PRODUCT_NAME = "$(TARGET_NAME)";
				SWIFT_OBJC_BRIDGING_HEADER = "/Users/jennyhuang/Desktop/linphoneSwiftIntegrate/linphoneSwiftIntegrate/linphone-Bridging-Header.h";
				SWIFT_VERSION = 5.0;
				TARGETED_DEVICE_FAMILY = "1,2";
			};
			name = Debug;
		};
		7CE46C322278782200775174 /* Release */ = {
			isa = XCBuildConfiguration;
			baseConfigurationReference = F22401D4A1804448CA28108F /* Pods-linphoneSwiftIntegrate.release.xcconfig */;
			buildSettings = {
				ASSETCATALOG_COMPILER_APPICON_NAME = AppIcon;
				CODE_SIGN_STYLE = Automatic;
				DEVELOPMENT_TEAM = 6849CH276M;
				INFOPLIST_FILE = linphoneSwiftIntegrate/Info.plist;
				LD_RUNPATH_SEARCH_PATHS = (
					"$(inherited)",
					"@executable_path/Frameworks",
				);
				PRODUCT_BUNDLE_IDENTIFIER = JPower.linphoneSwiftIntegrate;
				PRODUCT_NAME = "$(TARGET_NAME)";
				SWIFT_OBJC_BRIDGING_HEADER = "/Users/jennyhuang/Desktop/linphoneSwiftIntegrate/linphoneSwiftIntegrate/linphone-Bridging-Header.h";
				SWIFT_VERSION = 5.0;
				TARGETED_DEVICE_FAMILY = "1,2";
			};
			name = Release;
		};
/* End XCBuildConfiguration section */

/* Begin XCConfigurationList section */
		7CE46C192278781E00775174 /* Build configuration list for PBXProject "linphoneSwiftIntegrate" */ = {
			isa = XCConfigurationList;
			buildConfigurations = (
				7CE46C2E2278782200775174 /* Debug */,
				7CE46C2F2278782200775174 /* Release */,
			);
			defaultConfigurationIsVisible = 0;
			defaultConfigurationName = Release;
		};
		7CE46C302278782200775174 /* Build configuration list for PBXNativeTarget "linphoneSwiftIntegrate" */ = {
			isa = XCConfigurationList;
			buildConfigurations = (
				7CE46C312278782200775174 /* Debug */,
				7CE46C322278782200775174 /* Release */,
			);
			defaultConfigurationIsVisible = 0;
			defaultConfigurationName = Release;
		};
/* End XCConfigurationList section */
	};
	rootObject = 7CE46C162278781E00775174 /* Project object */;
}
